dependencies:
- name: argo-cd
  repository: https://argoproj.github.io/argo-helm
  version: 7.5.2
- name: vault-secrets-operator
  repository: https://helm.releases.hashicorp.com
  version: 0.8.1
digest: sha256:56c5618b61d35d94ee4db6b18378065b2eb2762b0bf4d66ff3ba9925b9846438
generated: "2024-10-24T14:21:33.255722762+02:00"
